// !$*UTF8*$!
{
	archiveVersion = 1;
	classes = {
	};
	objectVersion = 46;
	objects = {

/* Begin PBXBuildFile section */
		D12948BD1E880B9A00569631 /* Machine.swift in Sources */ = {isa = PBXBuildFile; fileRef = D12948BC1E880B9A00569631 /* Machine.swift */; };
		D1AFDD8F1E85CFA3002A9A23 /* main.swift in Sources */ = {isa = PBXBuildFile; fileRef = D1AFDD8E1E85CFA3002A9A23 /* main.swift */; };
		D1AFDD961E85CFC9002A9A23 /* ROM.swift in Sources */ = {isa = PBXBuildFile; fileRef = D1AFDD951E85CFC9002A9A23 /* ROM.swift */; };
		D1BDB0881EAA727300EB5899 /* KeyMap.swift in Sources */ = {isa = PBXBuildFile; fileRef = D1BDB0871EAA727300EB5899 /* KeyMap.swift */; };
		D1C6AA801E919D6300B643BC /* Screen.swift in Sources */ = {isa = PBXBuildFile; fileRef = D1C6AA7F1E919D6300B643BC /* Screen.swift */; };
		D1CA7B0F1E8714CD005D4B42 /* Opcode.swift in Sources */ = {isa = PBXBuildFile; fileRef = D1CA7B0E1E8714CD005D4B42 /* Opcode.swift */; };
/* End PBXBuildFile section */

/* Begin PBXCopyFilesBuildPhase section */
		D1AFDD891E85CFA3002A9A23 /* CopyFiles */ = {
			isa = PBXCopyFilesBuildPhase;
			buildActionMask = 2147483647;
			dstPath = /usr/share/man/man1/;
			dstSubfolderSpec = 0;
			files = (
			);
			runOnlyForDeploymentPostprocessing = 1;
		};
/* End PBXCopyFilesBuildPhase section */

/* Begin PBXFileReference section */
		D12948BB1E872B1600569631 /* pong.ch8 */ = {isa = PBXFileReference; lastKnownFileType = file; path = pong.ch8; sourceTree = "<group>"; };
		D12948BC1E880B9A00569631 /* Machine.swift */ = {isa = PBXFileReference; fileEncoding = 4; lastKnownFileType = sourcecode.swift; path = Machine.swift; sourceTree = "<group>"; };
		D1AFDD8B1E85CFA3002A9A23 /* Swift-8 */ = {isa = PBXFileReference; explicitFileType = "compiled.mach-o.executable"; includeInIndex = 0; path = "Swift-8"; sourceTree = BUILT_PRODUCTS_DIR; };
		D1AFDD8E1E85CFA3002A9A23 /* main.swift */ = {isa = PBXFileReference; lastKnownFileType = sourcecode.swift; path = main.swift; sourceTree = "<group>"; };
		D1AFDD951E85CFC9002A9A23 /* ROM.swift */ = {isa = PBXFileReference; fileEncoding = 4; lastKnownFileType = sourcecode.swift; path = ROM.swift; sourceTree = "<group>"; };
		D1BDB0871EAA727300EB5899 /* KeyMap.swift */ = {isa = PBXFileReference; fileEncoding = 4; lastKnownFileType = sourcecode.swift; path = KeyMap.swift; sourceTree = "<group>"; };
		D1C6AA7F1E919D6300B643BC /* Screen.swift */ = {isa = PBXFileReference; fileEncoding = 4; lastKnownFileType = sourcecode.swift; path = Screen.swift; sourceTree = "<group>"; };
		D1CA7B0E1E8714CD005D4B42 /* Opcode.swift */ = {isa = PBXFileReference; fileEncoding = 4; lastKnownFileType = sourcecode.swift; path = Opcode.swift; sourceTree = "<group>"; };
/* End PBXFileReference section */

/* Begin PBXFrameworksBuildPhase section */
		D1AFDD881E85CFA3002A9A23 /* Frameworks */ = {
			isa = PBXFrameworksBuildPhase;
			buildActionMask = 2147483647;
			files = (
			);
			runOnlyForDeploymentPostprocessing = 0;
		};
/* End PBXFrameworksBuildPhase section */

/* Begin PBXGroup section */
		D12948B81E872ADF00569631 /* Source */ = {
			isa = PBXGroup;
			children = (
				D1AFDD951E85CFC9002A9A23 /* ROM.swift */,
				D1CA7B0E1E8714CD005D4B42 /* Opcode.swift */,
				D12948BC1E880B9A00569631 /* Machine.swift */,
				D1C6AA7F1E919D6300B643BC /* Screen.swift */,
				D1BDB0871EAA727300EB5899 /* KeyMap.swift */,
			);
			path = Source;
			sourceTree = "<group>";
		};
		D12948BA1E872B0D00569631 /* Roms */ = {
			isa = PBXGroup;
			children = (
				D12948BB1E872B1600569631 /* pong.ch8 */,
			);
			name = Roms;
			sourceTree = "<group>";
		};
		D1AFDD821E85CFA3002A9A23 = {
			isa = PBXGroup;
			children = (
				D1AFDD8D1E85CFA3002A9A23 /* Swift-8 */,
				D1AFDD8C1E85CFA3002A9A23 /* Products */,
			);
			sourceTree = "<group>";
		};
		D1AFDD8C1E85CFA3002A9A23 /* Products */ = {
			isa = PBXGroup;
			children = (
				D1AFDD8B1E85CFA3002A9A23 /* Swift-8 */,
			);
			name = Products;
			sourceTree = "<group>";
		};
		D1AFDD8D1E85CFA3002A9A23 /* Swift-8 */ = {
			isa = PBXGroup;
			children = (
				D12948BA1E872B0D00569631 /* Roms */,
				D12948B81E872ADF00569631 /* Source */,
				D1AFDD8E1E85CFA3002A9A23 /* main.swift */,
			);
			path = "Swift-8";
			sourceTree = "<group>";
		};
/* End PBXGroup section */

/* Begin PBXNativeTarget section */
		D1AFDD8A1E85CFA3002A9A23 /* Swift-8 */ = {
			isa = PBXNativeTarget;
			buildConfigurationList = D1AFDD921E85CFA3002A9A23 /* Build configuration list for PBXNativeTarget "Swift-8" */;
			buildPhases = (
				D1AFDD871E85CFA3002A9A23 /* Sources */,
				D1AFDD881E85CFA3002A9A23 /* Frameworks */,
				D1AFDD891E85CFA3002A9A23 /* CopyFiles */,
			);
			buildRules = (
			);
			dependencies = (
			);
			name = "Swift-8";
			productName = "Swift-8";
			productReference = D1AFDD8B1E85CFA3002A9A23 /* Swift-8 */;
			productType = "com.apple.product-type.tool";
		};
/* End PBXNativeTarget section */

/* Begin PBXProject section */
		D1AFDD831E85CFA3002A9A23 /* Project object */ = {
			isa = PBXProject;
			attributes = {
				LastSwiftUpdateCheck = 0820;
				LastUpgradeCheck = 0820;
				ORGANIZATIONNAME = "Xavier R. Pinteño";
				TargetAttributes = {
					D1AFDD8A1E85CFA3002A9A23 = {
						CreatedOnToolsVersion = 8.2.1;
						DevelopmentTeam = CU4G4EZ249;
						ProvisioningStyle = Automatic;
					};
				};
			};
			buildConfigurationList = D1AFDD861E85CFA3002A9A23 /* Build configuration list for PBXProject "Swift-8" */;
			compatibilityVersion = "Xcode 3.2";
			developmentRegion = English;
			hasScannedForEncodings = 0;
			knownRegions = (
				en,
			);
			mainGroup = D1AFDD821E85CFA3002A9A23;
			productRefGroup = D1AFDD8C1E85CFA3002A9A23 /* Products */;
			projectDirPath = "";
			projectRoot = "";
			targets = (
				D1AFDD8A1E85CFA3002A9A23 /* Swift-8 */,
			);
		};
/* End PBXProject section */

/* Begin PBXSourcesBuildPhase section */
		D1AFDD871E85CFA3002A9A23 /* Sources */ = {
			isa = PBXSourcesBuildPhase;
			buildActionMask = 2147483647;
			files = (
				D1C6AA801E919D6300B643BC /* Screen.swift in Sources */,
				D1CA7B0F1E8714CD005D4B42 /* Opcode.swift in Sources */,
				D12948BD1E880B9A00569631 /* Machine.swift in Sources */,
				D1AFDD961E85CFC9002A9A23 /* ROM.swift in Sources */,
				D1BDB0881EAA727300EB5899 /* KeyMap.swift in Sources */,
				D1AFDD8F1E85CFA3002A9A23 /* main.swift in Sources */,
			);
			runOnlyForDeploymentPostprocessing = 0;
		};
/* End PBXSourcesBuildPhase section */

/* Begin XCBuildConfiguration section */
		D1AFDD901E85CFA3002A9A23 /* Debug */ = {
			isa = XCBuildConfiguration;
			buildSettings = {
				ALWAYS_SEARCH_USER_PATHS = NO;
				CLANG_ANALYZER_NONNULL = YES;
				CLANG_CXX_LANGUAGE_STANDARD = "gnu++0x";
				CLANG_CXX_LIBRARY = "libc++";
				CLANG_ENABLE_MODULES = YES;
				CLANG_ENABLE_OBJC_ARC = YES;
				CLANG_WARN_BOOL_CONVERSION = YES;
				CLANG_WARN_CONSTANT_CONVERSION = YES;
				CLANG_WARN_DIRECT_OBJC_ISA_USAGE = YES_ERROR;
				CLANG_WARN_DOCUMENTATION_COMMENTS = YES;
				CLANG_WARN_EMPTY_BODY = YES;
				CLANG_WARN_ENUM_CONVERSION = YES;
				CLANG_WARN_INFINITE_RECURSION = YES;
				CLANG_WARN_INT_CONVERSION = YES;
				CLANG_WARN_OBJC_ROOT_CLASS = YES_ERROR;
				CLANG_WARN_SUSPICIOUS_MOVE = YES;
				CLANG_WARN_UNREACHABLE_CODE = YES;
				CLANG_WARN__DUPLICATE_METHOD_MATCH = YES;
				CODE_SIGN_IDENTITY = "-";
				COPY_PHASE_STRIP = NO;
				DEBUG_INFORMATION_FORMAT = dwarf;
				ENABLE_STRICT_OBJC_MSGSEND = YES;
				ENABLE_TESTABILITY = YES;
				GCC_C_LANGUAGE_STANDARD = gnu99;
				GCC_DYNAMIC_NO_PIC = NO;
				GCC_NO_COMMON_BLOCKS = YES;
				GCC_OPTIMIZATION_LEVEL = 0;
				GCC_PREPROCESSOR_DEFINITIONS = (
					"DEBUG=1",
					"$(inherited)",
				);
				GCC_WARN_64_TO_32_BIT_CONVERSION = YES;
				GCC_WARN_ABOUT_RETURN_TYPE = YES_ERROR;
				GCC_WARN_UNDECLARED_SELECTOR = YES;
				GCC_WARN_UNINITIALIZED_AUTOS = YES_AGGRESSIVE;
				GCC_WARN_UNUSED_FUNCTION = YES;
				GCC_WARN_UNUSED_VARIABLE = YES;
				MACOSX_DEPLOYMENT_TARGET = 10.12;
				MTL_ENABLE_DEBUG_INFO = YES;
				ONLY_ACTIVE_ARCH = YES;
				SDKROOT = macosx;
				SWIFT_OPTIMIZATION_LEVEL = "-Onone";
			};
			name = Debug;
		};
		D1AFDD911E85CFA3002A9A23 /* Release */ = {
			isa = XCBuildConfiguration;
			buildSettings = {
				ALWAYS_SEARCH_USER_PATHS = NO;
				CLANG_ANALYZER_NONNULL = YES;
				CLANG_CXX_LANGUAGE_STANDARD = "gnu++0x";
				CLANG_CXX_LIBRARY = "libc++";
				CLANG_ENABLE_MODULES = YES;
				CLANG_ENABLE_OBJC_ARC = YES;
				CLANG_WARN_BOOL_CONVERSION = YES;
				CLANG_WARN_CONSTANT_CONVERSION = YES;
				CLANG_WARN_DIRECT_OBJC_ISA_USAGE = YES_ERROR;
				CLANG_WARN_DOCUMENTATION_COMMENTS = YES;
				CLANG_WARN_EMPTY_BODY = YES;
				CLANG_WARN_ENUM_CONVERSION = YES;
				CLANG_WARN_INFINITE_RECURSION = YES;
				CLANG_WARN_INT_CONVERSION = YES;
				CLANG_WARN_OBJC_ROOT_CLASS = YES_ERROR;
				CLANG_WARN_SUSPICIOUS_MOVE = YES;
				CLANG_WARN_UNREACHABLE_CODE = YES;
				CLANG_WARN__DUPLICATE_METHOD_MATCH = YES;
				CODE_SIGN_IDENTITY = "-";
				COPY_PHASE_STRIP = NO;
				DEBUG_INFORMATION_FORMAT = "dwarf-with-dsym";
				ENABLE_NS_ASSERTIONS = NO;
				ENABLE_STRICT_OBJC_MSGSEND = YES;
				GCC_C_LANGUAGE_STANDARD = gnu99;
				GCC_NO_COMMON_BLOCKS = YES;
				GCC_WARN_64_TO_32_BIT_CONVERSION = YES;
				GCC_WARN_ABOUT_RETURN_TYPE = YES_ERROR;
				GCC_WARN_UNDECLARED_SELECTOR = YES;
				GCC_WARN_UNINITIALIZED_AUTOS = YES_AGGRESSIVE;
				GCC_WARN_UNUSED_FUNCTION = YES;
				GCC_WARN_UNUSED_VARIABLE = YES;
				MACOSX_DEPLOYMENT_TARGET = 10.12;
				MTL_ENABLE_DEBUG_INFO = NO;
				SDKROOT = macosx;
			};
			name = Release;
		};
		D1AFDD931E85CFA3002A9A23 /* Debug */ = {
			isa = XCBuildConfiguration;
			buildSettings = {
				DEVELOPMENT_TEAM = CU4G4EZ249;
				PRODUCT_NAME = "$(TARGET_NAME)";
				SWIFT_VERSION = 3.0;
			};
			name = Debug;
		};
		D1AFDD941E85CFA3002A9A23 /* Release */ = {
			isa = XCBuildConfiguration;
			buildSettings = {
				DEVELOPMENT_TEAM = CU4G4EZ249;
				PRODUCT_NAME = "$(TARGET_NAME)";
				SWIFT_VERSION = 3.0;
			};
			name = Release;
		};
/* End XCBuildConfiguration section */

/* Begin XCConfigurationList section */
		D1AFDD861E85CFA3002A9A23 /* Build configuration list for PBXProject "Swift-8" */ = {
			isa = XCConfigurationList;
			buildConfigurations = (
				D1AFDD901E85CFA3002A9A23 /* Debug */,
				D1AFDD911E85CFA3002A9A23 /* Release */,
			);
			defaultConfigurationIsVisible = 0;
			defaultConfigurationName = Release;
		};
		D1AFDD921E85CFA3002A9A23 /* Build configuration list for PBXNativeTarget "Swift-8" */ = {
			isa = XCConfigurationList;
			buildConfigurations = (
				D1AFDD931E85CFA3002A9A23 /* Debug */,
				D1AFDD941E85CFA3002A9A23 /* Release */,
			);
			defaultConfigurationIsVisible = 0;
			defaultConfigurationName = Release;
		};
/* End XCConfigurationList section */
	};
	rootObject = D1AFDD831E85CFA3002A9A23 /* Project object */;
}
